
Microsoft Visual Studio Solution File, Format Version 12.00
# Visual Studio Version 16
VisualStudioVersion = 16.0.32929.386
MinimumVisualStudioVersion = 10.0.40219.1
Project("{FAE04EC0-301F-11D3-BF4B-00C04F79EFBC}") = "Banka Otomasyonu", "Banka Otomasyonu\Banka Otomasyonu.csproj", "{F1147B93-6BF7-49ED-92B1-6D6BB5EF7280}"
EndProject
Global
	GlobalSection(SolutionConfigurationPlatforms) = preSolution
		Debug|Any CPU = Debug|Any CPU
		Release|Any CPU = Release|Any CPU
	EndGlobalSection
	GlobalSection(ProjectConfigurationPlatforms) = postSolution
		{F1147B93-6BF7-49ED-92B1-6D6BB5EF7280}.Debug|Any CPU.ActiveCfg = Debug|Any CPU
		{F1147B93-6BF7-49ED-92B1-6D6BB5EF7280}.Debug|Any CPU.Build.0 = Debug|Any CPU
		{F1147B93-6BF7-49ED-92B1-6D6BB5EF7280}.Release|Any CPU.ActiveCfg = Release|Any CPU
		{F1147B93-6BF7-49ED-92B1-6D6BB5EF7280}.Release|Any CPU.Build.0 = Release|Any CPU
	EndGlobalSection
	GlobalSection(SolutionProperties) = preSolution
		HideSolutionNode = FALSE
	EndGlobalSection
	GlobalSection(ExtensibilityGlobals) = postSolution
		SolutionGuid = {8155F82A-5B57-457A-8926-E48EF7AF7872}
	EndGlobalSection
EndGlobal
